// !$*UTF8*$!
{
	archiveVersion = 1;
	classes = {
	};
	objectVersion = 50;
	objects = {

/* Begin PBXBuildFile section */
		18995F2827C0BF6900481D6B /* FeedLoaderCacheDecoratorTests.swift in Sources */ = {isa = PBXBuildFile; fileRef = 18995F2727C0BF6900481D6B /* FeedLoaderCacheDecoratorTests.swift */; };
		18ADDA5227BE5AA0003BBD5A /* AppDelegate.swift in Sources */ = {isa = PBXBuildFile; fileRef = 18ADDA5127BE5AA0003BBD5A /* AppDelegate.swift */; };
		18ADDA5427BE5AA0003BBD5A /* SceneDelegate.swift in Sources */ = {isa = PBXBuildFile; fileRef = 18ADDA5327BE5AA0003BBD5A /* SceneDelegate.swift */; };
		18ADDA5627BE5AA0003BBD5A /* ViewController.swift in Sources */ = {isa = PBXBuildFile; fileRef = 18ADDA5527BE5AA0003BBD5A /* ViewController.swift */; };
		18ADDA5927BE5AA0003BBD5A /* Main.storyboard in Resources */ = {isa = PBXBuildFile; fileRef = 18ADDA5727BE5AA0003BBD5A /* Main.storyboard */; };
		18ADDA5B27BE5AA2003BBD5A /* Assets.xcassets in Resources */ = {isa = PBXBuildFile; fileRef = 18ADDA5A27BE5AA2003BBD5A /* Assets.xcassets */; };
		18ADDA5E27BE5AA2003BBD5A /* LaunchScreen.storyboard in Resources */ = {isa = PBXBuildFile; fileRef = 18ADDA5C27BE5AA2003BBD5A /* LaunchScreen.storyboard */; };
		18ADDA8627BE5C11003BBD5A /* EssentialFeedFramework.framework in Frameworks */ = {isa = PBXBuildFile; fileRef = 18ADDA8427BE5C11003BBD5A /* EssentialFeedFramework.framework */; };
		18ADDA8727BE5C11003BBD5A /* EssentialFeedFramework.framework in Embed Frameworks */ = {isa = PBXBuildFile; fileRef = 18ADDA8427BE5C11003BBD5A /* EssentialFeedFramework.framework */; settings = {ATTRIBUTES = (CodeSignOnCopy, RemoveHeadersOnCopy, ); }; };
		18ADDA8827BE5C11003BBD5A /* EssentialFeedFramworkiOS.framework in Frameworks */ = {isa = PBXBuildFile; fileRef = 18ADDA8527BE5C11003BBD5A /* EssentialFeedFramworkiOS.framework */; };
		18ADDA8927BE5C11003BBD5A /* EssentialFeedFramworkiOS.framework in Embed Frameworks */ = {isa = PBXBuildFile; fileRef = 18ADDA8527BE5C11003BBD5A /* EssentialFeedFramworkiOS.framework */; settings = {ATTRIBUTES = (CodeSignOnCopy, RemoveHeadersOnCopy, ); }; };
		18FFB8AB27BFAD76004872B5 /* FeedLoaderWithFallbackCompositeTests.swift in Sources */ = {isa = PBXBuildFile; fileRef = 18FFB8AA27BFAD76004872B5 /* FeedLoaderWithFallbackCompositeTests.swift */; };
		18FFB8B327BFB272004872B5 /* FeedLoaderWithFallbackComposite.swift in Sources */ = {isa = PBXBuildFile; fileRef = 18FFB8B227BFB272004872B5 /* FeedLoaderWithFallbackComposite.swift */; };
		18FFB8B627BFB2F1004872B5 /* FeedImageDataLoaderWithFallbackCompositeTests.swift in Sources */ = {isa = PBXBuildFile; fileRef = 18FFB8B527BFB2F1004872B5 /* FeedImageDataLoaderWithFallbackCompositeTests.swift */; };
		18FFB8B927BFB9B2004872B5 /* FeedImageDataLoaderWithFallbackComposite.swift in Sources */ = {isa = PBXBuildFile; fileRef = 18FFB8B827BFB9B2004872B5 /* FeedImageDataLoaderWithFallbackComposite.swift */; };
		18FFB8BD27BFBA34004872B5 /* XCTestCase+MemoryLeakTracking.swift in Sources */ = {isa = PBXBuildFile; fileRef = 18FFB8BC27BFBA34004872B5 /* XCTestCase+MemoryLeakTracking.swift */; };
		18FFB8C127BFBADB004872B5 /* SharedTestHelpers.swift in Sources */ = {isa = PBXBuildFile; fileRef = 18FFB8C027BFBADB004872B5 /* SharedTestHelpers.swift */; };
/* End PBXBuildFile section */

/* Begin PBXContainerItemProxy section */
		18ADDA9927BE62CB003BBD5A /* PBXContainerItemProxy */ = {
			isa = PBXContainerItemProxy;
			containerPortal = 18ADDA4627BE5AA0003BBD5A /* Project object */;
			proxyType = 1;
			remoteGlobalIDString = 18ADDA4D27BE5AA0003BBD5A;
			remoteInfo = EssentialApp;
		};
/* End PBXContainerItemProxy section */

/* Begin PBXCopyFilesBuildPhase section */
		18ADDA8A27BE5C11003BBD5A /* Embed Frameworks */ = {
			isa = PBXCopyFilesBuildPhase;
			buildActionMask = 2147483647;
			dstPath = "";
			dstSubfolderSpec = 10;
			files = (
				18ADDA8927BE5C11003BBD5A /* EssentialFeedFramworkiOS.framework in Embed Frameworks */,
				18ADDA8727BE5C11003BBD5A /* EssentialFeedFramework.framework in Embed Frameworks */,
			);
			name = "Embed Frameworks";
			runOnlyForDeploymentPostprocessing = 0;
		};
/* End PBXCopyFilesBuildPhase section */

/* Begin PBXFileReference section */
		18995F2727C0BF6900481D6B /* FeedLoaderCacheDecoratorTests.swift */ = {isa = PBXFileReference; lastKnownFileType = sourcecode.swift; path = FeedLoaderCacheDecoratorTests.swift; sourceTree = "<group>"; };
		18ADDA4E27BE5AA0003BBD5A /* EssentialApp.app */ = {isa = PBXFileReference; explicitFileType = wrapper.application; includeInIndex = 0; path = EssentialApp.app; sourceTree = BUILT_PRODUCTS_DIR; };
		18ADDA5127BE5AA0003BBD5A /* AppDelegate.swift */ = {isa = PBXFileReference; lastKnownFileType = sourcecode.swift; path = AppDelegate.swift; sourceTree = "<group>"; };
		18ADDA5327BE5AA0003BBD5A /* SceneDelegate.swift */ = {isa = PBXFileReference; lastKnownFileType = sourcecode.swift; path = SceneDelegate.swift; sourceTree = "<group>"; };
		18ADDA5527BE5AA0003BBD5A /* ViewController.swift */ = {isa = PBXFileReference; lastKnownFileType = sourcecode.swift; path = ViewController.swift; sourceTree = "<group>"; };
		18ADDA5827BE5AA0003BBD5A /* Base */ = {isa = PBXFileReference; lastKnownFileType = file.storyboard; name = Base; path = Base.lproj/Main.storyboard; sourceTree = "<group>"; };
		18ADDA5A27BE5AA2003BBD5A /* Assets.xcassets */ = {isa = PBXFileReference; lastKnownFileType = folder.assetcatalog; path = Assets.xcassets; sourceTree = "<group>"; };
		18ADDA5D27BE5AA2003BBD5A /* Base */ = {isa = PBXFileReference; lastKnownFileType = file.storyboard; name = Base; path = Base.lproj/LaunchScreen.storyboard; sourceTree = "<group>"; };
		18ADDA5F27BE5AA2003BBD5A /* Info.plist */ = {isa = PBXFileReference; lastKnownFileType = text.plist.xml; path = Info.plist; sourceTree = "<group>"; };
		18ADDA8427BE5C11003BBD5A /* EssentialFeedFramework.framework */ = {isa = PBXFileReference; explicitFileType = wrapper.framework; path = EssentialFeedFramework.framework; sourceTree = BUILT_PRODUCTS_DIR; };
		18ADDA8527BE5C11003BBD5A /* EssentialFeedFramworkiOS.framework */ = {isa = PBXFileReference; explicitFileType = wrapper.framework; path = EssentialFeedFramworkiOS.framework; sourceTree = BUILT_PRODUCTS_DIR; };
		18ADDA9427BE62CA003BBD5A /* EssentialAppTests.xctest */ = {isa = PBXFileReference; explicitFileType = wrapper.cfbundle; includeInIndex = 0; path = EssentialAppTests.xctest; sourceTree = BUILT_PRODUCTS_DIR; };
		18ADDA9827BE62CA003BBD5A /* Info.plist */ = {isa = PBXFileReference; lastKnownFileType = text.plist.xml; path = Info.plist; sourceTree = "<group>"; };
		18FFB8AA27BFAD76004872B5 /* FeedLoaderWithFallbackCompositeTests.swift */ = {isa = PBXFileReference; lastKnownFileType = sourcecode.swift; path = FeedLoaderWithFallbackCompositeTests.swift; sourceTree = "<group>"; };
		18FFB8B227BFB272004872B5 /* FeedLoaderWithFallbackComposite.swift */ = {isa = PBXFileReference; lastKnownFileType = sourcecode.swift; path = FeedLoaderWithFallbackComposite.swift; sourceTree = "<group>"; };
		18FFB8B527BFB2F1004872B5 /* FeedImageDataLoaderWithFallbackCompositeTests.swift */ = {isa = PBXFileReference; lastKnownFileType = sourcecode.swift; path = FeedImageDataLoaderWithFallbackCompositeTests.swift; sourceTree = "<group>"; };
		18FFB8B827BFB9B2004872B5 /* FeedImageDataLoaderWithFallbackComposite.swift */ = {isa = PBXFileReference; lastKnownFileType = sourcecode.swift; path = FeedImageDataLoaderWithFallbackComposite.swift; sourceTree = "<group>"; };
		18FFB8BC27BFBA34004872B5 /* XCTestCase+MemoryLeakTracking.swift */ = {isa = PBXFileReference; lastKnownFileType = sourcecode.swift; path = "XCTestCase+MemoryLeakTracking.swift"; sourceTree = "<group>"; };
		18FFB8C027BFBADB004872B5 /* SharedTestHelpers.swift */ = {isa = PBXFileReference; lastKnownFileType = sourcecode.swift; path = SharedTestHelpers.swift; sourceTree = "<group>"; };
/* End PBXFileReference section */

/* Begin PBXFrameworksBuildPhase section */
		18ADDA4B27BE5AA0003BBD5A /* Frameworks */ = {
			isa = PBXFrameworksBuildPhase;
			buildActionMask = 2147483647;
			files = (
				18ADDA8827BE5C11003BBD5A /* EssentialFeedFramworkiOS.framework in Frameworks */,
				18ADDA8627BE5C11003BBD5A /* EssentialFeedFramework.framework in Frameworks */,
			);
			runOnlyForDeploymentPostprocessing = 0;
		};
		18ADDA9127BE62CA003BBD5A /* Frameworks */ = {
			isa = PBXFrameworksBuildPhase;
			buildActionMask = 2147483647;
			files = (
			);
			runOnlyForDeploymentPostprocessing = 0;
		};
/* End PBXFrameworksBuildPhase section */

/* Begin PBXGroup section */
		18ADDA4527BE5AA0003BBD5A = {
			isa = PBXGroup;
			children = (
				18ADDA5027BE5AA0003BBD5A /* EssentialApp */,
				18ADDA9527BE62CA003BBD5A /* EssentialAppTests */,
				18ADDA4F27BE5AA0003BBD5A /* Products */,
				18ADDA8327BE5C11003BBD5A /* Frameworks */,
			);
			sourceTree = "<group>";
		};
		18ADDA4F27BE5AA0003BBD5A /* Products */ = {
			isa = PBXGroup;
			children = (
				18ADDA4E27BE5AA0003BBD5A /* EssentialApp.app */,
				18ADDA9427BE62CA003BBD5A /* EssentialAppTests.xctest */,
			);
			name = Products;
			sourceTree = "<group>";
		};
		18ADDA5027BE5AA0003BBD5A /* EssentialApp */ = {
			isa = PBXGroup;
			children = (
				18ADDA5127BE5AA0003BBD5A /* AppDelegate.swift */,
				18ADDA5327BE5AA0003BBD5A /* SceneDelegate.swift */,
				18ADDA5527BE5AA0003BBD5A /* ViewController.swift */,
				18ADDA5727BE5AA0003BBD5A /* Main.storyboard */,
				18ADDA5A27BE5AA2003BBD5A /* Assets.xcassets */,
				18ADDA5C27BE5AA2003BBD5A /* LaunchScreen.storyboard */,
				18ADDA5F27BE5AA2003BBD5A /* Info.plist */,
				18FFB8B227BFB272004872B5 /* FeedLoaderWithFallbackComposite.swift */,
				18FFB8B827BFB9B2004872B5 /* FeedImageDataLoaderWithFallbackComposite.swift */,
			);
			path = EssentialApp;
			sourceTree = "<group>";
		};
		18ADDA8327BE5C11003BBD5A /* Frameworks */ = {
			isa = PBXGroup;
			children = (
				18ADDA8427BE5C11003BBD5A /* EssentialFeedFramework.framework */,
				18ADDA8527BE5C11003BBD5A /* EssentialFeedFramworkiOS.framework */,
			);
			name = Frameworks;
			sourceTree = "<group>";
		};
		18ADDA9527BE62CA003BBD5A /* EssentialAppTests */ = {
			isa = PBXGroup;
			children = (
				18FFB8BB27BFBA22004872B5 /* Helpers */,
				18ADDA9827BE62CA003BBD5A /* Info.plist */,
				18FFB8AA27BFAD76004872B5 /* FeedLoaderWithFallbackCompositeTests.swift */,
				18FFB8B527BFB2F1004872B5 /* FeedImageDataLoaderWithFallbackCompositeTests.swift */,
				18995F2727C0BF6900481D6B /* FeedLoaderCacheDecoratorTests.swift */,
			);
			path = EssentialAppTests;
			sourceTree = "<group>";
		};
		18FFB8BB27BFBA22004872B5 /* Helpers */ = {
			isa = PBXGroup;
			children = (
				18FFB8BC27BFBA34004872B5 /* XCTestCase+MemoryLeakTracking.swift */,
				18FFB8C027BFBADB004872B5 /* SharedTestHelpers.swift */,
			);
			path = Helpers;
			sourceTree = "<group>";
		};
/* End PBXGroup section */

/* Begin PBXNativeTarget section */
		18ADDA4D27BE5AA0003BBD5A /* EssentialApp */ = {
			isa = PBXNativeTarget;
			buildConfigurationList = 18ADDA6227BE5AA2003BBD5A /* Build configuration list for PBXNativeTarget "EssentialApp" */;
			buildPhases = (
				18ADDA4A27BE5AA0003BBD5A /* Sources */,
				18ADDA4B27BE5AA0003BBD5A /* Frameworks */,
				18ADDA4C27BE5AA0003BBD5A /* Resources */,
				18ADDA8A27BE5C11003BBD5A /* Embed Frameworks */,
			);
			buildRules = (
			);
			dependencies = (
			);
			name = EssentialApp;
			productName = EssentialApp;
			productReference = 18ADDA4E27BE5AA0003BBD5A /* EssentialApp.app */;
			productType = "com.apple.product-type.application";
		};
		18ADDA9327BE62CA003BBD5A /* EssentialAppTests */ = {
			isa = PBXNativeTarget;
			buildConfigurationList = 18ADDA9D27BE62CB003BBD5A /* Build configuration list for PBXNativeTarget "EssentialAppTests" */;
			buildPhases = (
				18ADDA9027BE62CA003BBD5A /* Sources */,
				18ADDA9127BE62CA003BBD5A /* Frameworks */,
				18ADDA9227BE62CA003BBD5A /* Resources */,
			);
			buildRules = (
			);
			dependencies = (
				18ADDA9A27BE62CB003BBD5A /* PBXTargetDependency */,
			);
			name = EssentialAppTests;
			productName = EssentialAppTests;
			productReference = 18ADDA9427BE62CA003BBD5A /* EssentialAppTests.xctest */;
			productType = "com.apple.product-type.bundle.unit-test";
		};
/* End PBXNativeTarget section */

/* Begin PBXProject section */
		18ADDA4627BE5AA0003BBD5A /* Project object */ = {
			isa = PBXProject;
			attributes = {
				LastSwiftUpdateCheck = 1230;
				LastUpgradeCheck = 1230;
				TargetAttributes = {
					18ADDA4D27BE5AA0003BBD5A = {
						CreatedOnToolsVersion = 12.3;
					};
					18ADDA9327BE62CA003BBD5A = {
						CreatedOnToolsVersion = 12.3;
						LastSwiftMigration = 1230;
						TestTargetID = 18ADDA4D27BE5AA0003BBD5A;
					};
				};
			};
			buildConfigurationList = 18ADDA4927BE5AA0003BBD5A /* Build configuration list for PBXProject "EssentialApp" */;
			compatibilityVersion = "Xcode 9.3";
			developmentRegion = en;
			hasScannedForEncodings = 0;
			knownRegions = (
				en,
				Base,
			);
			mainGroup = 18ADDA4527BE5AA0003BBD5A;
			productRefGroup = 18ADDA4F27BE5AA0003BBD5A /* Products */;
			projectDirPath = "";
			projectRoot = "";
			targets = (
				18ADDA4D27BE5AA0003BBD5A /* EssentialApp */,
				18ADDA9327BE62CA003BBD5A /* EssentialAppTests */,
			);
		};
/* End PBXProject section */

/* Begin PBXResourcesBuildPhase section */
		18ADDA4C27BE5AA0003BBD5A /* Resources */ = {
			isa = PBXResourcesBuildPhase;
			buildActionMask = 2147483647;
			files = (
				18ADDA5E27BE5AA2003BBD5A /* LaunchScreen.storyboard in Resources */,
				18ADDA5B27BE5AA2003BBD5A /* Assets.xcassets in Resources */,
				18ADDA5927BE5AA0003BBD5A /* Main.storyboard in Resources */,
			);
			runOnlyForDeploymentPostprocessing = 0;
		};
		18ADDA9227BE62CA003BBD5A /* Resources */ = {
			isa = PBXResourcesBuildPhase;
			buildActionMask = 2147483647;
			files = (
			);
			runOnlyForDeploymentPostprocessing = 0;
		};
/* End PBXResourcesBuildPhase section */

/* Begin PBXSourcesBuildPhase section */
		18ADDA4A27BE5AA0003BBD5A /* Sources */ = {
			isa = PBXSourcesBuildPhase;
			buildActionMask = 2147483647;
			files = (
				18ADDA5627BE5AA0003BBD5A /* ViewController.swift in Sources */,
				18ADDA5227BE5AA0003BBD5A /* AppDelegate.swift in Sources */,
				18FFB8B327BFB272004872B5 /* FeedLoaderWithFallbackComposite.swift in Sources */,
				18ADDA5427BE5AA0003BBD5A /* SceneDelegate.swift in Sources */,
				18FFB8B927BFB9B2004872B5 /* FeedImageDataLoaderWithFallbackComposite.swift in Sources */,
			);
			runOnlyForDeploymentPostprocessing = 0;
		};
		18ADDA9027BE62CA003BBD5A /* Sources */ = {
			isa = PBXSourcesBuildPhase;
			buildActionMask = 2147483647;
			files = (
				18FFB8C127BFBADB004872B5 /* SharedTestHelpers.swift in Sources */,
				18995F2827C0BF6900481D6B /* FeedLoaderCacheDecoratorTests.swift in Sources */,
				18FFB8B627BFB2F1004872B5 /* FeedImageDataLoaderWithFallbackCompositeTests.swift in Sources */,
				18FFB8AB27BFAD76004872B5 /* FeedLoaderWithFallbackCompositeTests.swift in Sources */,
				18FFB8BD27BFBA34004872B5 /* XCTestCase+MemoryLeakTracking.swift in Sources */,
			);
			runOnlyForDeploymentPostprocessing = 0;
		};
/* End PBXSourcesBuildPhase section */

/* Begin PBXTargetDependency section */
		18ADDA9A27BE62CB003BBD5A /* PBXTargetDependency */ = {
			isa = PBXTargetDependency;
			target = 18ADDA4D27BE5AA0003BBD5A /* EssentialApp */;
			targetProxy = 18ADDA9927BE62CB003BBD5A /* PBXContainerItemProxy */;
		};
/* End PBXTargetDependency section */

/* Begin PBXVariantGroup section */
		18ADDA5727BE5AA0003BBD5A /* Main.storyboard */ = {
			isa = PBXVariantGroup;
			children = (
				18ADDA5827BE5AA0003BBD5A /* Base */,
			);
			name = Main.storyboard;
			sourceTree = "<group>";
		};
		18ADDA5C27BE5AA2003BBD5A /* LaunchScreen.storyboard */ = {
			isa = PBXVariantGroup;
			children = (
				18ADDA5D27BE5AA2003BBD5A /* Base */,
			);
			name = LaunchScreen.storyboard;
			sourceTree = "<group>";
		};
/* End PBXVariantGroup section */

/* Begin XCBuildConfiguration section */
		18ADDA6027BE5AA2003BBD5A /* Debug */ = {
			isa = XCBuildConfiguration;
			buildSettings = {
				ALWAYS_SEARCH_USER_PATHS = NO;
				CLANG_ANALYZER_NONNULL = YES;
				CLANG_ANALYZER_NUMBER_OBJECT_CONVERSION = YES_AGGRESSIVE;
				CLANG_CXX_LANGUAGE_STANDARD = "gnu++14";
				CLANG_CXX_LIBRARY = "libc++";
				CLANG_ENABLE_MODULES = YES;
				CLANG_ENABLE_OBJC_ARC = YES;
				CLANG_ENABLE_OBJC_WEAK = YES;
				CLANG_WARN_BLOCK_CAPTURE_AUTORELEASING = YES;
				CLANG_WARN_BOOL_CONVERSION = YES;
				CLANG_WARN_COMMA = YES;
				CLANG_WARN_CONSTANT_CONVERSION = YES;
				CLANG_WARN_DEPRECATED_OBJC_IMPLEMENTATIONS = YES;
				CLANG_WARN_DIRECT_OBJC_ISA_USAGE = YES_ERROR;
				CLANG_WARN_DOCUMENTATION_COMMENTS = YES;
				CLANG_WARN_EMPTY_BODY = YES;
				CLANG_WARN_ENUM_CONVERSION = YES;
				CLANG_WARN_INFINITE_RECURSION = YES;
				CLANG_WARN_INT_CONVERSION = YES;
				CLANG_WARN_NON_LITERAL_NULL_CONVERSION = YES;
				CLANG_WARN_OBJC_IMPLICIT_RETAIN_SELF = YES;
				CLANG_WARN_OBJC_LITERAL_CONVERSION = YES;
				CLANG_WARN_OBJC_ROOT_CLASS = YES_ERROR;
				CLANG_WARN_QUOTED_INCLUDE_IN_FRAMEWORK_HEADER = YES;
				CLANG_WARN_RANGE_LOOP_ANALYSIS = YES;
				CLANG_WARN_STRICT_PROTOTYPES = YES;
				CLANG_WARN_SUSPICIOUS_MOVE = YES;
				CLANG_WARN_UNGUARDED_AVAILABILITY = YES_AGGRESSIVE;
				CLANG_WARN_UNREACHABLE_CODE = YES;
				CLANG_WARN__DUPLICATE_METHOD_MATCH = YES;
				COPY_PHASE_STRIP = NO;
				DEBUG_INFORMATION_FORMAT = dwarf;
				ENABLE_STRICT_OBJC_MSGSEND = YES;
				ENABLE_TESTABILITY = YES;
				GCC_C_LANGUAGE_STANDARD = gnu11;
				GCC_DYNAMIC_NO_PIC = NO;
				GCC_NO_COMMON_BLOCKS = YES;
				GCC_OPTIMIZATION_LEVEL = 0;
				GCC_PREPROCESSOR_DEFINITIONS = (
					"DEBUG=1",
					"$(inherited)",
				);
				GCC_WARN_64_TO_32_BIT_CONVERSION = YES;
				GCC_WARN_ABOUT_RETURN_TYPE = YES_ERROR;
				GCC_WARN_UNDECLARED_SELECTOR = YES;
				GCC_WARN_UNINITIALIZED_AUTOS = YES_AGGRESSIVE;
				GCC_WARN_UNUSED_FUNCTION = YES;
				GCC_WARN_UNUSED_VARIABLE = YES;
				IPHONEOS_DEPLOYMENT_TARGET = 14.3;
				MTL_ENABLE_DEBUG_INFO = INCLUDE_SOURCE;
				MTL_FAST_MATH = YES;
				ONLY_ACTIVE_ARCH = YES;
				SDKROOT = iphoneos;
				SWIFT_ACTIVE_COMPILATION_CONDITIONS = DEBUG;
				SWIFT_OPTIMIZATION_LEVEL = "-Onone";
			};
			name = Debug;
		};
		18ADDA6127BE5AA2003BBD5A /* Release */ = {
			isa = XCBuildConfiguration;
			buildSettings = {
				ALWAYS_SEARCH_USER_PATHS = NO;
				CLANG_ANALYZER_NONNULL = YES;
				CLANG_ANALYZER_NUMBER_OBJECT_CONVERSION = YES_AGGRESSIVE;
				CLANG_CXX_LANGUAGE_STANDARD = "gnu++14";
				CLANG_CXX_LIBRARY = "libc++";
				CLANG_ENABLE_MODULES = YES;
				CLANG_ENABLE_OBJC_ARC = YES;
				CLANG_ENABLE_OBJC_WEAK = YES;
				CLANG_WARN_BLOCK_CAPTURE_AUTORELEASING = YES;
				CLANG_WARN_BOOL_CONVERSION = YES;
				CLANG_WARN_COMMA = YES;
				CLANG_WARN_CONSTANT_CONVERSION = YES;
				CLANG_WARN_DEPRECATED_OBJC_IMPLEMENTATIONS = YES;
				CLANG_WARN_DIRECT_OBJC_ISA_USAGE = YES_ERROR;
				CLANG_WARN_DOCUMENTATION_COMMENTS = YES;
				CLANG_WARN_EMPTY_BODY = YES;
				CLANG_WARN_ENUM_CONVERSION = YES;
				CLANG_WARN_INFINITE_RECURSION = YES;
				CLANG_WARN_INT_CONVERSION = YES;
				CLANG_WARN_NON_LITERAL_NULL_CONVERSION = YES;
				CLANG_WARN_OBJC_IMPLICIT_RETAIN_SELF = YES;
				CLANG_WARN_OBJC_LITERAL_CONVERSION = YES;
				CLANG_WARN_OBJC_ROOT_CLASS = YES_ERROR;
				CLANG_WARN_QUOTED_INCLUDE_IN_FRAMEWORK_HEADER = YES;
				CLANG_WARN_RANGE_LOOP_ANALYSIS = YES;
				CLANG_WARN_STRICT_PROTOTYPES = YES;
				CLANG_WARN_SUSPICIOUS_MOVE = YES;
				CLANG_WARN_UNGUARDED_AVAILABILITY = YES_AGGRESSIVE;
				CLANG_WARN_UNREACHABLE_CODE = YES;
				CLANG_WARN__DUPLICATE_METHOD_MATCH = YES;
				COPY_PHASE_STRIP = NO;
				DEBUG_INFORMATION_FORMAT = "dwarf-with-dsym";
				ENABLE_NS_ASSERTIONS = NO;
				ENABLE_STRICT_OBJC_MSGSEND = YES;
				GCC_C_LANGUAGE_STANDARD = gnu11;
				GCC_NO_COMMON_BLOCKS = YES;
				GCC_WARN_64_TO_32_BIT_CONVERSION = YES;
				GCC_WARN_ABOUT_RETURN_TYPE = YES_ERROR;
				GCC_WARN_UNDECLARED_SELECTOR = YES;
				GCC_WARN_UNINITIALIZED_AUTOS = YES_AGGRESSIVE;
				GCC_WARN_UNUSED_FUNCTION = YES;
				GCC_WARN_UNUSED_VARIABLE = YES;
				IPHONEOS_DEPLOYMENT_TARGET = 14.3;
				MTL_ENABLE_DEBUG_INFO = NO;
				MTL_FAST_MATH = YES;
				SDKROOT = iphoneos;
				SWIFT_COMPILATION_MODE = wholemodule;
				SWIFT_OPTIMIZATION_LEVEL = "-O";
				VALIDATE_PRODUCT = YES;
			};
			name = Release;
		};
		18ADDA6327BE5AA2003BBD5A /* Debug */ = {
			isa = XCBuildConfiguration;
			buildSettings = {
				ASSETCATALOG_COMPILER_APPICON_NAME = AppIcon;
				ASSETCATALOG_COMPILER_GLOBAL_ACCENT_COLOR_NAME = AccentColor;
				CODE_SIGN_STYLE = Automatic;
				DEVELOPMENT_TEAM = D86A526GH8;
				INFOPLIST_FILE = EssentialApp/Info.plist;
				LD_RUNPATH_SEARCH_PATHS = (
					"$(inherited)",
					"@executable_path/Frameworks",
				);
				PRODUCT_BUNDLE_IDENTIFIER = com.globridgetech.EssentialApp;
				PRODUCT_NAME = "$(TARGET_NAME)";
				SWIFT_VERSION = 5.0;
				TARGETED_DEVICE_FAMILY = "1,2";
			};
			name = Debug;
		};
		18ADDA6427BE5AA2003BBD5A /* Release */ = {
			isa = XCBuildConfiguration;
			buildSettings = {
				ASSETCATALOG_COMPILER_APPICON_NAME = AppIcon;
				ASSETCATALOG_COMPILER_GLOBAL_ACCENT_COLOR_NAME = AccentColor;
				CODE_SIGN_STYLE = Automatic;
				DEVELOPMENT_TEAM = D86A526GH8;
				INFOPLIST_FILE = EssentialApp/Info.plist;
				LD_RUNPATH_SEARCH_PATHS = (
					"$(inherited)",
					"@executable_path/Frameworks",
				);
				PRODUCT_BUNDLE_IDENTIFIER = com.globridgetech.EssentialApp;
				PRODUCT_NAME = "$(TARGET_NAME)";
				SWIFT_VERSION = 5.0;
				TARGETED_DEVICE_FAMILY = "1,2";
			};
			name = Release;
		};
		18ADDA9B27BE62CB003BBD5A /* Debug */ = {
			isa = XCBuildConfiguration;
			buildSettings = {
				BUNDLE_LOADER = "$(TEST_HOST)";
				CLANG_ENABLE_MODULES = YES;
				CODE_SIGN_STYLE = Automatic;
				DEVELOPMENT_TEAM = D86A526GH8;
				INFOPLIST_FILE = EssentialAppTests/Info.plist;
				LD_RUNPATH_SEARCH_PATHS = (
					"$(inherited)",
					"@executable_path/Frameworks",
					"@loader_path/Frameworks",
				);
				PRODUCT_BUNDLE_IDENTIFIER = com.globridgetech.EssentialAppTests;
				PRODUCT_NAME = "$(TARGET_NAME)";
				SWIFT_OPTIMIZATION_LEVEL = "-Onone";
				SWIFT_VERSION = 5.0;
				TARGETED_DEVICE_FAMILY = "1,2";
				TEST_HOST = "$(BUILT_PRODUCTS_DIR)/EssentialApp.app/EssentialApp";
			};
			name = Debug;
		};
		18ADDA9C27BE62CB003BBD5A /* Release */ = {
			isa = XCBuildConfiguration;
			buildSettings = {
				BUNDLE_LOADER = "$(TEST_HOST)";
				CLANG_ENABLE_MODULES = YES;
				CODE_SIGN_STYLE = Automatic;
				DEVELOPMENT_TEAM = D86A526GH8;
				INFOPLIST_FILE = EssentialAppTests/Info.plist;
				LD_RUNPATH_SEARCH_PATHS = (
					"$(inherited)",
					"@executable_path/Frameworks",
					"@loader_path/Frameworks",
				);
				PRODUCT_BUNDLE_IDENTIFIER = com.globridgetech.EssentialAppTests;
				PRODUCT_NAME = "$(TARGET_NAME)";
				SWIFT_VERSION = 5.0;
				TARGETED_DEVICE_FAMILY = "1,2";
				TEST_HOST = "$(BUILT_PRODUCTS_DIR)/EssentialApp.app/EssentialApp";
			};
			name = Release;
		};
/* End XCBuildConfiguration section */

/* Begin XCConfigurationList section */
		18ADDA4927BE5AA0003BBD5A /* Build configuration list for PBXProject "EssentialApp" */ = {
			isa = XCConfigurationList;
			buildConfigurations = (
				18ADDA6027BE5AA2003BBD5A /* Debug */,
				18ADDA6127BE5AA2003BBD5A /* Release */,
			);
			defaultConfigurationIsVisible = 0;
			defaultConfigurationName = Release;
		};
		18ADDA6227BE5AA2003BBD5A /* Build configuration list for PBXNativeTarget "EssentialApp" */ = {
			isa = XCConfigurationList;
			buildConfigurations = (
				18ADDA6327BE5AA2003BBD5A /* Debug */,
				18ADDA6427BE5AA2003BBD5A /* Release */,
			);
			defaultConfigurationIsVisible = 0;
			defaultConfigurationName = Release;
		};
		18ADDA9D27BE62CB003BBD5A /* Build configuration list for PBXNativeTarget "EssentialAppTests" */ = {
			isa = XCConfigurationList;
			buildConfigurations = (
				18ADDA9B27BE62CB003BBD5A /* Debug */,
				18ADDA9C27BE62CB003BBD5A /* Release */,
			);
			defaultConfigurationIsVisible = 0;
			defaultConfigurationName = Release;
		};
/* End XCConfigurationList section */
	};
	rootObject = 18ADDA4627BE5AA0003BBD5A /* Project object */;
}
